// !$*UTF8*$!
{
	archiveVersion = 1;
	classes = {
	};
	objectVersion = 77;
	objects = {

/* Begin PBXContainerItemProxy section */
		6D6A72FE2E02EF7D00B3B4F9 /* PBXContainerItemProxy */ = {
			isa = PBXContainerItemProxy;
			containerPortal = 6D6A72E32E02EF7A00B3B4F9 /* Project object */;
			proxyType = 1;
			remoteGlobalIDString = 6D6A72EA2E02EF7A00B3B4F9;
			remoteInfo = "Book Reviews";
		};
		6D6A73082E02EF7D00B3B4F9 /* PBXContainerItemProxy */ = {
			isa = PBXContainerItemProxy;
			containerPortal = 6D6A72E32E02EF7A00B3B4F9 /* Project object */;
			proxyType = 1;
			remoteGlobalIDString = 6D6A72EA2E02EF7A00B3B4F9;
			remoteInfo = "Book Reviews";
		};
/* End PBXContainerItemProxy section */

/* Begin PBXFileReference section */
		6D6A72EB2E02EF7A00B3B4F9 /* Book Reviews.app */ = {isa = PBXFileReference; explicitFileType = wrapper.application; includeInIndex = 0; path = "Book Reviews.app"; sourceTree = BUILT_PRODUCTS_DIR; };
		6D6A72FD2E02EF7D00B3B4F9 /* Book ReviewsTests.xctest */ = {isa = PBXFileReference; explicitFileType = wrapper.cfbundle; includeInIndex = 0; path = "Book ReviewsTests.xctest"; sourceTree = BUILT_PRODUCTS_DIR; };
		6D6A73072E02EF7D00B3B4F9 /* Book ReviewsUITests.xctest */ = {isa = PBXFileReference; explicitFileType = wrapper.cfbundle; includeInIndex = 0; path = "Book ReviewsUITests.xctest"; sourceTree = BUILT_PRODUCTS_DIR; };
/* End PBXFileReference section */

/* Begin PBXFileSystemSynchronizedRootGroup section */
		6D6A72ED2E02EF7A00B3B4F9 /* Book Reviews */ = {
			isa = PBXFileSystemSynchronizedRootGroup;
			path = "Book Reviews";
			sourceTree = "<group>";
		};
		6D6A73002E02EF7D00B3B4F9 /* Book ReviewsTests */ = {
			isa = PBXFileSystemSynchronizedRootGroup;
			path = "Book ReviewsTests";
			sourceTree = "<group>";
		};
		6D6A730A2E02EF7D00B3B4F9 /* Book ReviewsUITests */ = {
			isa = PBXFileSystemSynchronizedRootGroup;
			path = "Book ReviewsUITests";
			sourceTree = "<group>";
		};
/* End PBXFileSystemSynchronizedRootGroup section */

/* Begin PBXFrameworksBuildPhase section */
		6D6A72E82E02EF7A00B3B4F9 /* Frameworks */ = {
			isa = PBXFrameworksBuildPhase;
			buildActionMask = 2147483647;
			files = (
			);
			runOnlyForDeploymentPostprocessing = 0;
		};
		6D6A72FA2E02EF7D00B3B4F9 /* Frameworks */ = {
			isa = PBXFrameworksBuildPhase;
			buildActionMask = 2147483647;
			files = (
			);
			runOnlyForDeploymentPostprocessing = 0;
		};
		6D6A73042E02EF7D00B3B4F9 /* Frameworks */ = {
			isa = PBXFrameworksBuildPhase;
			buildActionMask = 2147483647;
			files = (
			);
			runOnlyForDeploymentPostprocessing = 0;
		};
/* End PBXFrameworksBuildPhase section */

/* Begin PBXGroup section */
		6D6A72E22E02EF7A00B3B4F9 = {
			isa = PBXGroup;
			children = (
				6D6A72ED2E02EF7A00B3B4F9 /* Book Reviews */,
				6D6A73002E02EF7D00B3B4F9 /* Book ReviewsTests */,
				6D6A730A2E02EF7D00B3B4F9 /* Book ReviewsUITests */,
				6D6A72EC2E02EF7A00B3B4F9 /* Products */,
			);
			sourceTree = "<group>";
		};
		6D6A72EC2E02EF7A00B3B4F9 /* Products */ = {
			isa = PBXGroup;
			children = (
				6D6A72EB2E02EF7A00B3B4F9 /* Book Reviews.app */,
				6D6A72FD2E02EF7D00B3B4F9 /* Book ReviewsTests.xctest */,
				6D6A73072E02EF7D00B3B4F9 /* Book ReviewsUITests.xctest */,
			);
			name = Products;
			sourceTree = "<group>";
		};
/* End PBXGroup section */

/* Begin PBXNativeTarget section */
		6D6A72EA2E02EF7A00B3B4F9 /* Book Reviews */ = {
			isa = PBXNativeTarget;
			buildConfigurationList = 6D6A73112E02EF7D00B3B4F9 /* Build configuration list for PBXNativeTarget "Book Reviews" */;
			buildPhases = (
				6D6A72E72E02EF7A00B3B4F9 /* Sources */,
				6D6A72E82E02EF7A00B3B4F9 /* Frameworks */,
				6D6A72E92E02EF7A00B3B4F9 /* Resources */,
			);
			buildRules = (
			);
			dependencies = (
			);
			fileSystemSynchronizedGroups = (
				6D6A72ED2E02EF7A00B3B4F9 /* Book Reviews */,
			);
			name = "Book Reviews";
			packageProductDependencies = (
			);
			productName = "Book Reviews";
			productReference = 6D6A72EB2E02EF7A00B3B4F9 /* Book Reviews.app */;
			productType = "com.apple.product-type.application";
		};
		6D6A72FC2E02EF7D00B3B4F9 /* Book ReviewsTests */ = {
			isa = PBXNativeTarget;
			buildConfigurationList = 6D6A73142E02EF7D00B3B4F9 /* Build configuration list for PBXNativeTarget "Book ReviewsTests" */;
			buildPhases = (
				6D6A72F92E02EF7D00B3B4F9 /* Sources */,
				6D6A72FA2E02EF7D00B3B4F9 /* Frameworks */,
				6D6A72FB2E02EF7D00B3B4F9 /* Resources */,
			);
			buildRules = (
			);
			dependencies = (
				6D6A72FF2E02EF7D00B3B4F9 /* PBXTargetDependency */,
			);
			fileSystemSynchronizedGroups = (
				6D6A73002E02EF7D00B3B4F9 /* Book ReviewsTests */,
			);
			name = "Book ReviewsTests";
			packageProductDependencies = (
			);
			productName = "Book ReviewsTests";
			productReference = 6D6A72FD2E02EF7D00B3B4F9 /* Book ReviewsTests.xctest */;
			productType = "com.apple.product-type.bundle.unit-test";
		};
		6D6A73062E02EF7D00B3B4F9 /* Book ReviewsUITests */ = {
			isa = PBXNativeTarget;
			buildConfigurationList = 6D6A73172E02EF7D00B3B4F9 /* Build configuration list for PBXNativeTarget "Book ReviewsUITests" */;
			buildPhases = (
				6D6A73032E02EF7D00B3B4F9 /* Sources */,
				6D6A73042E02EF7D00B3B4F9 /* Frameworks */,
				6D6A73052E02EF7D00B3B4F9 /* Resources */,
			);
			buildRules = (
			);
			dependencies = (
				6D6A73092E02EF7D00B3B4F9 /* PBXTargetDependency */,
			);
			fileSystemSynchronizedGroups = (
				6D6A730A2E02EF7D00B3B4F9 /* Book ReviewsUITests */,
			);
			name = "Book ReviewsUITests";
			packageProductDependencies = (
			);
			productName = "Book ReviewsUITests";
			productReference = 6D6A73072E02EF7D00B3B4F9 /* Book ReviewsUITests.xctest */;
			productType = "com.apple.product-type.bundle.ui-testing";
		};
/* End PBXNativeTarget section */

/* Begin PBXProject section */
		6D6A72E32E02EF7A00B3B4F9 /* Project object */ = {
			isa = PBXProject;
			attributes = {
				BuildIndependentTargetsInParallel = 1;
				LastSwiftUpdateCheck = 1640;
				LastUpgradeCheck = 1640;
				TargetAttributes = {
					6D6A72EA2E02EF7A00B3B4F9 = {
						CreatedOnToolsVersion = 16.4;
					};
					6D6A72FC2E02EF7D00B3B4F9 = {
						CreatedOnToolsVersion = 16.4;
						TestTargetID = 6D6A72EA2E02EF7A00B3B4F9;
					};
					6D6A73062E02EF7D00B3B4F9 = {
						CreatedOnToolsVersion = 16.4;
						TestTargetID = 6D6A72EA2E02EF7A00B3B4F9;
					};
				};
			};
			buildConfigurationList = 6D6A72E62E02EF7A00B3B4F9 /* Build configuration list for PBXProject "Book Reviews" */;
			developmentRegion = en;
			hasScannedForEncodings = 0;
			knownRegions = (
				en,
				Base,
			);
			mainGroup = 6D6A72E22E02EF7A00B3B4F9;
			minimizedProjectReferenceProxies = 1;
			preferredProjectObjectVersion = 77;
			productRefGroup = 6D6A72EC2E02EF7A00B3B4F9 /* Products */;
			projectDirPath = "";
			projectRoot = "";
			targets = (
				6D6A72EA2E02EF7A00B3B4F9 /* Book Reviews */,
				6D6A72FC2E02EF7D00B3B4F9 /* Book ReviewsTests */,
				6D6A73062E02EF7D00B3B4F9 /* Book ReviewsUITests */,
			);
		};
/* End PBXProject section */

/* Begin PBXResourcesBuildPhase section */
		6D6A72E92E02EF7A00B3B4F9 /* Resources */ = {
			isa = PBXResourcesBuildPhase;
			buildActionMask = 2147483647;
			files = (
			);
			runOnlyForDeploymentPostprocessing = 0;
		};
		6D6A72FB2E02EF7D00B3B4F9 /* Resources */ = {
			isa = PBXResourcesBuildPhase;
			buildActionMask = 2147483647;
			files = (
			);
			runOnlyForDeploymentPostprocessing = 0;
		};
		6D6A73052E02EF7D00B3B4F9 /* Resources */ = {
			isa = PBXResourcesBuildPhase;
			buildActionMask = 2147483647;
			files = (
			);
			runOnlyForDeploymentPostprocessing = 0;
		};
/* End PBXResourcesBuildPhase section */

/* Begin PBXSourcesBuildPhase section */
		6D6A72E72E02EF7A00B3B4F9 /* Sources */ = {
			isa = PBXSourcesBuildPhase;
			buildActionMask = 2147483647;
			files = (
			);
			runOnlyForDeploymentPostprocessing = 0;
		};
		6D6A72F92E02EF7D00B3B4F9 /* Sources */ = {
			isa = PBXSourcesBuildPhase;
			buildActionMask = 2147483647;
			files = (
			);
			runOnlyForDeploymentPostprocessing = 0;
		};
		6D6A73032E02EF7D00B3B4F9 /* Sources */ = {
			isa = PBXSourcesBuildPhase;
			buildActionMask = 2147483647;
			files = (
			);
			runOnlyForDeploymentPostprocessing = 0;
		};
/* End PBXSourcesBuildPhase section */

/* Begin PBXTargetDependency section */
		6D6A72FF2E02EF7D00B3B4F9 /* PBXTargetDependency */ = {
			isa = PBXTargetDependency;
			target = 6D6A72EA2E02EF7A00B3B4F9 /* Book Reviews */;
			targetProxy = 6D6A72FE2E02EF7D00B3B4F9 /* PBXContainerItemProxy */;
		};
		6D6A73092E02EF7D00B3B4F9 /* PBXTargetDependency */ = {
			isa = PBXTargetDependency;
			target = 6D6A72EA2E02EF7A00B3B4F9 /* Book Reviews */;
			targetProxy = 6D6A73082E02EF7D00B3B4F9 /* PBXContainerItemProxy */;
		};
/* End PBXTargetDependency section */

/* Begin XCBuildConfiguration section */
		6D6A730F2E02EF7D00B3B4F9 /* Debug */ = {
			isa = XCBuildConfiguration;
			buildSettings = {
				ALWAYS_SEARCH_USER_PATHS = NO;
				ASSETCATALOG_COMPILER_GENERATE_SWIFT_ASSET_SYMBOL_EXTENSIONS = YES;
				CLANG_ANALYZER_NONNULL = YES;
				CLANG_ANALYZER_NUMBER_OBJECT_CONVERSION = YES_AGGRESSIVE;
				CLANG_CXX_LANGUAGE_STANDARD = "gnu++20";
				CLANG_ENABLE_MODULES = YES;
				CLANG_ENABLE_OBJC_ARC = YES;
				CLANG_ENABLE_OBJC_WEAK = YES;
				CLANG_WARN_BLOCK_CAPTURE_AUTORELEASING = YES;
				CLANG_WARN_BOOL_CONVERSION = YES;
				CLANG_WARN_COMMA = YES;
				CLANG_WARN_CONSTANT_CONVERSION = YES;
				CLANG_WARN_DEPRECATED_OBJC_IMPLEMENTATIONS = YES;
				CLANG_WARN_DIRECT_OBJC_ISA_USAGE = YES_ERROR;
				CLANG_WARN_DOCUMENTATION_COMMENTS = YES;
				CLANG_WARN_EMPTY_BODY = YES;
				CLANG_WARN_ENUM_CONVERSION = YES;
				CLANG_WARN_INFINITE_RECURSION = YES;
				CLANG_WARN_INT_CONVERSION = YES;
				CLANG_WARN_NON_LITERAL_NULL_CONVERSION = YES;
				CLANG_WARN_OBJC_IMPLICIT_RETAIN_SELF = YES;
				CLANG_WARN_OBJC_LITERAL_CONVERSION = YES;
				CLANG_WARN_OBJC_ROOT_CLASS = YES_ERROR;
				CLANG_WARN_QUOTED_INCLUDE_IN_FRAMEWORK_HEADER = YES;
				CLANG_WARN_RANGE_LOOP_ANALYSIS = YES;
				CLANG_WARN_STRICT_PROTOTYPES = YES;
				CLANG_WARN_SUSPICIOUS_MOVE = YES;
				CLANG_WARN_UNGUARDED_AVAILABILITY = YES_AGGRESSIVE;
				CLANG_WARN_UNREACHABLE_CODE = YES;
				CLANG_WARN__DUPLICATE_METHOD_MATCH = YES;
				COPY_PHASE_STRIP = NO;
				DEBUG_INFORMATION_FORMAT = dwarf;
				DEVELOPMENT_TEAM = J3C436QQA9;
				ENABLE_STRICT_OBJC_MSGSEND = YES;
				ENABLE_TESTABILITY = YES;
				ENABLE_USER_SCRIPT_SANDBOXING = YES;
				GCC_C_LANGUAGE_STANDARD = gnu17;
				GCC_DYNAMIC_NO_PIC = NO;
				GCC_NO_COMMON_BLOCKS = YES;
				GCC_OPTIMIZATION_LEVEL = 0;
				GCC_PREPROCESSOR_DEFINITIONS = (
					"DEBUG=1",
					"$(inherited)",
				);
				GCC_WARN_64_TO_32_BIT_CONVERSION = YES;
				GCC_WARN_ABOUT_RETURN_TYPE = YES_ERROR;
				GCC_WARN_UNDECLARED_SELECTOR = YES;
				GCC_WARN_UNINITIALIZED_AUTOS = YES_AGGRESSIVE;
				GCC_WARN_UNUSED_FUNCTION = YES;
				GCC_WARN_UNUSED_VARIABLE = YES;
				IPHONEOS_DEPLOYMENT_TARGET = 18.5;
				LOCALIZATION_PREFERS_STRING_CATALOGS = YES;
				MTL_ENABLE_DEBUG_INFO = INCLUDE_SOURCE;
				MTL_FAST_MATH = YES;
				ONLY_ACTIVE_ARCH = YES;
				SDKROOT = iphoneos;
				SWIFT_ACTIVE_COMPILATION_CONDITIONS = "DEBUG $(inherited)";
				SWIFT_OPTIMIZATION_LEVEL = "-Onone";
			};
			name = Debug;
		};
		6D6A73102E02EF7D00B3B4F9 /* Release */ = {
			isa = XCBuildConfiguration;
			buildSettings = {
				ALWAYS_SEARCH_USER_PATHS = NO;
				ASSETCATALOG_COMPILER_GENERATE_SWIFT_ASSET_SYMBOL_EXTENSIONS = YES;
				CLANG_ANALYZER_NONNULL = YES;
				CLANG_ANALYZER_NUMBER_OBJECT_CONVERSION = YES_AGGRESSIVE;
				CLANG_CXX_LANGUAGE_STANDARD = "gnu++20";
				CLANG_ENABLE_MODULES = YES;
				CLANG_ENABLE_OBJC_ARC = YES;
				CLANG_ENABLE_OBJC_WEAK = YES;
				CLANG_WARN_BLOCK_CAPTURE_AUTORELEASING = YES;
				CLANG_WARN_BOOL_CONVERSION = YES;
				CLANG_WARN_COMMA = YES;
				CLANG_WARN_CONSTANT_CONVERSION = YES;
				CLANG_WARN_DEPRECATED_OBJC_IMPLEMENTATIONS = YES;
				CLANG_WARN_DIRECT_OBJC_ISA_USAGE = YES_ERROR;
				CLANG_WARN_DOCUMENTATION_COMMENTS = YES;
				CLANG_WARN_EMPTY_BODY = YES;
				CLANG_WARN_ENUM_CONVERSION = YES;
				CLANG_WARN_INFINITE_RECURSION = YES;
				CLANG_WARN_INT_CONVERSION = YES;
				CLANG_WARN_NON_LITERAL_NULL_CONVERSION = YES;
				CLANG_WARN_OBJC_IMPLICIT_RETAIN_SELF = YES;
				CLANG_WARN_OBJC_LITERAL_CONVERSION = YES;
				CLANG_WARN_OBJC_ROOT_CLASS = YES_ERROR;
				CLANG_WARN_QUOTED_INCLUDE_IN_FRAMEWORK_HEADER = YES;
				CLANG_WARN_RANGE_LOOP_ANALYSIS = YES;
				CLANG_WARN_STRICT_PROTOTYPES = YES;
				CLANG_WARN_SUSPICIOUS_MOVE = YES;
				CLANG_WARN_UNGUARDED_AVAILABILITY = YES_AGGRESSIVE;
				CLANG_WARN_UNREACHABLE_CODE = YES;
				CLANG_WARN__DUPLICATE_METHOD_MATCH = YES;
				COPY_PHASE_STRIP = NO;
				DEBUG_INFORMATION_FORMAT = "dwarf-with-dsym";
				DEVELOPMENT_TEAM = J3C436QQA9;
				ENABLE_NS_ASSERTIONS = NO;
				ENABLE_STRICT_OBJC_MSGSEND = YES;
				ENABLE_USER_SCRIPT_SANDBOXING = YES;
				GCC_C_LANGUAGE_STANDARD = gnu17;
				GCC_NO_COMMON_BLOCKS = YES;
				GCC_WARN_64_TO_32_BIT_CONVERSION = YES;
				GCC_WARN_ABOUT_RETURN_TYPE = YES_ERROR;
				GCC_WARN_UNDECLARED_SELECTOR = YES;
				GCC_WARN_UNINITIALIZED_AUTOS = YES_AGGRESSIVE;
				GCC_WARN_UNUSED_FUNCTION = YES;
				GCC_WARN_UNUSED_VARIABLE = YES;
				IPHONEOS_DEPLOYMENT_TARGET = 18.5;
				LOCALIZATION_PREFERS_STRING_CATALOGS = YES;
				MTL_ENABLE_DEBUG_INFO = NO;
				MTL_FAST_MATH = YES;
				SDKROOT = iphoneos;
				SWIFT_COMPILATION_MODE = wholemodule;
				VALIDATE_PRODUCT = YES;
			};
			name = Release;
		};
		6D6A73122E02EF7D00B3B4F9 /* Debug */ = {
			isa = XCBuildConfiguration;
			buildSettings = {
				ASSETCATALOG_COMPILER_APPICON_NAME = AppIcon;
				ASSETCATALOG_COMPILER_GLOBAL_ACCENT_COLOR_NAME = AccentColor;
				CODE_SIGN_STYLE = Automatic;
				CURRENT_PROJECT_VERSION = 1;
				DEVELOPMENT_TEAM = J3C436QQA9;
				ENABLE_PREVIEWS = YES;
				GENERATE_INFOPLIST_FILE = YES;
				INFOPLIST_KEY_UIApplicationSceneManifest_Generation = YES;
				INFOPLIST_KEY_UIApplicationSupportsIndirectInputEvents = YES;
				INFOPLIST_KEY_UILaunchScreen_Generation = YES;
				INFOPLIST_KEY_UISupportedInterfaceOrientations = UIInterfaceOrientationPortrait;
				LD_RUNPATH_SEARCH_PATHS = (
					"$(inherited)",
					"@executable_path/Frameworks",
				);
				MARKETING_VERSION = 1.0;
				PRODUCT_BUNDLE_IDENTIFIER = "karlcridland.Book-Reviews";
				PRODUCT_NAME = "$(TARGET_NAME)";
				SWIFT_EMIT_LOC_STRINGS = YES;
				SWIFT_VERSION = 5.0;
				TARGETED_DEVICE_FAMILY = "1,2";
			};
			name = Debug;
		};
		6D6A73132E02EF7D00B3B4F9 /* Release */ = {
			isa = XCBuildConfiguration;
			buildSettings = {
				ASSETCATALOG_COMPILER_APPICON_NAME = AppIcon;
				ASSETCATALOG_COMPILER_GLOBAL_ACCENT_COLOR_NAME = AccentColor;
				CODE_SIGN_STYLE = Automatic;
				CURRENT_PROJECT_VERSION = 1;
				DEVELOPMENT_TEAM = J3C436QQA9;
				ENABLE_PREVIEWS = YES;
				GENERATE_INFOPLIST_FILE = YES;
				INFOPLIST_KEY_UIApplicationSceneManifest_Generation = YES;
				INFOPLIST_KEY_UIApplicationSupportsIndirectInputEvents = YES;
				INFOPLIST_KEY_UILaunchScreen_Generation = YES;
				INFOPLIST_KEY_UISupportedInterfaceOrientations = UIInterfaceOrientationPortrait;
				LD_RUNPATH_SEARCH_PATHS = (
					"$(inherited)",
					"@executable_path/Frameworks",
				);
				MARKETING_VERSION = 1.0;
				PRODUCT_BUNDLE_IDENTIFIER = "karlcridland.Book-Reviews";
				PRODUCT_NAME = "$(TARGET_NAME)";
				SWIFT_EMIT_LOC_STRINGS = YES;
				SWIFT_VERSION = 5.0;
				TARGETED_DEVICE_FAMILY = "1,2";
			};
			name = Release;
		};
		6D6A73152E02EF7D00B3B4F9 /* Debug */ = {
			isa = XCBuildConfiguration;
			buildSettings = {
				BUNDLE_LOADER = "$(TEST_HOST)";
				CODE_SIGN_STYLE = Automatic;
				CURRENT_PROJECT_VERSION = 1;
				DEVELOPMENT_TEAM = J3C436QQA9;
				GENERATE_INFOPLIST_FILE = YES;
				IPHONEOS_DEPLOYMENT_TARGET = 18.5;
				MARKETING_VERSION = 1.0;
				PRODUCT_BUNDLE_IDENTIFIER = "karlcridland.Book-ReviewsTests";
				PRODUCT_NAME = "$(TARGET_NAME)";
				SWIFT_EMIT_LOC_STRINGS = NO;
				SWIFT_VERSION = 5.0;
				TARGETED_DEVICE_FAMILY = "1,2";
				TEST_HOST = "$(BUILT_PRODUCTS_DIR)/Book Reviews.app/$(BUNDLE_EXECUTABLE_FOLDER_PATH)/Book Reviews";
			};
			name = Debug;
		};
		6D6A73162E02EF7D00B3B4F9 /* Release */ = {
			isa = XCBuildConfiguration;
			buildSettings = {
				BUNDLE_LOADER = "$(TEST_HOST)";
				CODE_SIGN_STYLE = Automatic;
				CURRENT_PROJECT_VERSION = 1;
				DEVELOPMENT_TEAM = J3C436QQA9;
				GENERATE_INFOPLIST_FILE = YES;
				IPHONEOS_DEPLOYMENT_TARGET = 18.5;
				MARKETING_VERSION = 1.0;
				PRODUCT_BUNDLE_IDENTIFIER = "karlcridland.Book-ReviewsTests";
				PRODUCT_NAME = "$(TARGET_NAME)";
				SWIFT_EMIT_LOC_STRINGS = NO;
				SWIFT_VERSION = 5.0;
				TARGETED_DEVICE_FAMILY = "1,2";
				TEST_HOST = "$(BUILT_PRODUCTS_DIR)/Book Reviews.app/$(BUNDLE_EXECUTABLE_FOLDER_PATH)/Book Reviews";
			};
			name = Release;
		};
		6D6A73182E02EF7D00B3B4F9 /* Debug */ = {
			isa = XCBuildConfiguration;
			buildSettings = {
				CODE_SIGN_STYLE = Automatic;
				CURRENT_PROJECT_VERSION = 1;
				DEVELOPMENT_TEAM = J3C436QQA9;
				GENERATE_INFOPLIST_FILE = YES;
				MARKETING_VERSION = 1.0;
				PRODUCT_BUNDLE_IDENTIFIER = "karlcridland.Book-ReviewsUITests";
				PRODUCT_NAME = "$(TARGET_NAME)";
				SWIFT_EMIT_LOC_STRINGS = NO;
				SWIFT_VERSION = 5.0;
				TARGETED_DEVICE_FAMILY = "1,2";
				TEST_TARGET_NAME = "Book Reviews";
			};
			name = Debug;
		};
		6D6A73192E02EF7D00B3B4F9 /* Release */ = {
			isa = XCBuildConfiguration;
			buildSettings = {
				CODE_SIGN_STYLE = Automatic;
				CURRENT_PROJECT_VERSION = 1;
				DEVELOPMENT_TEAM = J3C436QQA9;
				GENERATE_INFOPLIST_FILE = YES;
				MARKETING_VERSION = 1.0;
				PRODUCT_BUNDLE_IDENTIFIER = "karlcridland.Book-ReviewsUITests";
				PRODUCT_NAME = "$(TARGET_NAME)";
				SWIFT_EMIT_LOC_STRINGS = NO;
				SWIFT_VERSION = 5.0;
				TARGETED_DEVICE_FAMILY = "1,2";
				TEST_TARGET_NAME = "Book Reviews";
			};
			name = Release;
		};
/* End XCBuildConfiguration section */

/* Begin XCConfigurationList section */
		6D6A72E62E02EF7A00B3B4F9 /* Build configuration list for PBXProject "Book Reviews" */ = {
			isa = XCConfigurationList;
			buildConfigurations = (
				6D6A730F2E02EF7D00B3B4F9 /* Debug */,
				6D6A73102E02EF7D00B3B4F9 /* Release */,
			);
			defaultConfigurationIsVisible = 0;
			defaultConfigurationName = Release;
		};
		6D6A73112E02EF7D00B3B4F9 /* Build configuration list for PBXNativeTarget "Book Reviews" */ = {
			isa = XCConfigurationList;
			buildConfigurations = (
				6D6A73122E02EF7D00B3B4F9 /* Debug */,
				6D6A73132E02EF7D00B3B4F9 /* Release */,
			);
			defaultConfigurationIsVisible = 0;
			defaultConfigurationName = Release;
		};
		6D6A73142E02EF7D00B3B4F9 /* Build configuration list for PBXNativeTarget "Book ReviewsTests" */ = {
			isa = XCConfigurationList;
			buildConfigurations = (
				6D6A73152E02EF7D00B3B4F9 /* Debug */,
				6D6A73162E02EF7D00B3B4F9 /* Release */,
			);
			defaultConfigurationIsVisible = 0;
			defaultConfigurationName = Release;
		};
		6D6A73172E02EF7D00B3B4F9 /* Build configuration list for PBXNativeTarget "Book ReviewsUITests" */ = {
			isa = XCConfigurationList;
			buildConfigurations = (
				6D6A73182E02EF7D00B3B4F9 /* Debug */,
				6D6A73192E02EF7D00B3B4F9 /* Release */,
			);
			defaultConfigurationIsVisible = 0;
			defaultConfigurationName = Release;
		};
/* End XCConfigurationList section */
	};
	rootObject = 6D6A72E32E02EF7A00B3B4F9 /* Project object */;
}
